PODS:
  - Flutter (1.0.0)
  - SendBirdCalls (1.9.5):
    - SendBirdWebRTC (~> 1.6.0)
  - SendBirdWebRTC (1.6.0)

DEPENDENCIES:
  - Flutter (from `Flutter`)
  - SendBirdCalls

SPEC REPOS:
  trunk:
    - SendBirdCalls
    - SendBirdWebRTC

EXTERNAL SOURCES:
  Flutter:
    :path: Flutter

SPEC CHECKSUMS:
  Flutter: 50d75fe2f02b26cc09d224853bb45737f8b3214a
  SendBirdCalls: e235413a341e192f2ada27f0c3ca89b642fee0d2
  SendBirdWebRTC: 6bbdbda7aa2f9c3f2cbedacd3e53b9536e2ac8ac

PODFILE CHECKSUM: bddad26618d80407f32aaea67fdbf208d9f90527

COCOAPODS: 1.11.3
